
Microsoft Visual Studio Solution File, Format Version 12.00
# Visual Studio 15
VisualStudioVersion = 15.0.28307.438
MinimumVisualStudioVersion = 10.0.40219.1
Project("{FAE04EC0-301F-11D3-BF4B-00C04F79EFBC}") = "pypyagent", "pypyagent\pypyagent.csproj", "{61F96DA3-ADFE-434F-96C4-53E647342363}"
EndProject
Global
	GlobalSection(SolutionConfigurationPlatforms) = preSolution
		Debug|Any CPU = Debug|Any CPU
		Release|Any CPU = Release|Any CPU
	EndGlobalSection
	GlobalSection(ProjectConfigurationPlatforms) = postSolution
		{61F96DA3-ADFE-434F-96C4-53E647342363}.Debug|Any CPU.ActiveCfg = Debug|Any CPU
		{61F96DA3-ADFE-434F-96C4-53E647342363}.Debug|Any CPU.Build.0 = Debug|Any CPU
		{61F96DA3-ADFE-434F-96C4-53E647342363}.Release|Any CPU.ActiveCfg = Release|Any CPU
		{61F96DA3-ADFE-434F-96C4-53E647342363}.Release|Any CPU.Build.0 = Release|Any CPU
	EndGlobalSection
	GlobalSection(SolutionProperties) = preSolution
		HideSolutionNode = FALSE
	EndGlobalSection
	GlobalSection(ExtensibilityGlobals) = postSolution
		SolutionGuid = {76883535-67B4-4E82-A8FE-431F62C8AFF6}
	EndGlobalSection
EndGlobal
